
Microsoft Visual Studio Solution File, Format Version 12.00
# Visual Studio 15
Project("{FAE04EC0-301F-11D3-BF4B-00C04F79EFBC}") = "emtori.Android", "emtori.Android\emtori.Android.csproj", "{AA354BB4-B989-4B97-ACBC-41B3FD0D23ED}"
EndProject
Project("{FAE04EC0-301F-11D3-BF4B-00C04F79EFBC}") = "emtori.iOS", "emtori.iOS\emtori.iOS.csproj", "{B929D919-57B3-4333-8D3B-35A811362EAE}"
EndProject
Project("{FAE04EC0-301F-11D3-BF4B-00C04F79EFBC}") = "emtori", "emtori\emtori.csproj", "{5A5A0F32-839C-4448-B54C-2E4917326E28}"
EndProject
Project("{2150E333-8FDC-42A3-9474-1A3956D46DE8}") = "Solution Items", "Solution Items", "{22B69717-0A57-46C7-A8CE-6D909A083CD1}"
EndProject
Global
	GlobalSection(SolutionConfigurationPlatforms) = preSolution
		Debug|Any CPU = Debug|Any CPU
		Release|Any CPU = Release|Any CPU
		Debug|iPhoneSimulator = Debug|iPhoneSimulator
		Release|iPhoneSimulator = Release|iPhoneSimulator
		Debug|iPhone = Debug|iPhone
		Release|iPhone = Release|iPhone
	EndGlobalSection
	GlobalSection(ProjectConfigurationPlatforms) = postSolution
		{AA354BB4-B989-4B97-ACBC-41B3FD0D23ED}.Debug|Any CPU.ActiveCfg = Debug|Any CPU
		{AA354BB4-B989-4B97-ACBC-41B3FD0D23ED}.Debug|Any CPU.Build.0 = Debug|Any CPU
		{AA354BB4-B989-4B97-ACBC-41B3FD0D23ED}.Release|Any CPU.ActiveCfg = Release|Any CPU
		{AA354BB4-B989-4B97-ACBC-41B3FD0D23ED}.Release|Any CPU.Build.0 = Release|Any CPU
		{AA354BB4-B989-4B97-ACBC-41B3FD0D23ED}.Debug|iPhoneSimulator.ActiveCfg = Debug|Any CPU
		{AA354BB4-B989-4B97-ACBC-41B3FD0D23ED}.Debug|iPhoneSimulator.Build.0 = Debug|Any CPU
		{AA354BB4-B989-4B97-ACBC-41B3FD0D23ED}.Release|iPhoneSimulator.ActiveCfg = Release|Any CPU
		{AA354BB4-B989-4B97-ACBC-41B3FD0D23ED}.Release|iPhoneSimulator.Build.0 = Release|Any CPU
		{AA354BB4-B989-4B97-ACBC-41B3FD0D23ED}.Debug|iPhone.ActiveCfg = Debug|Any CPU
		{AA354BB4-B989-4B97-ACBC-41B3FD0D23ED}.Debug|iPhone.Build.0 = Debug|Any CPU
		{AA354BB4-B989-4B97-ACBC-41B3FD0D23ED}.Release|iPhone.ActiveCfg = Release|Any CPU
		{AA354BB4-B989-4B97-ACBC-41B3FD0D23ED}.Release|iPhone.Build.0 = Release|Any CPU
		{B929D919-57B3-4333-8D3B-35A811362EAE}.Debug|Any CPU.ActiveCfg = Debug|iPhoneSimulator
		{B929D919-57B3-4333-8D3B-35A811362EAE}.Debug|Any CPU.Build.0 = Debug|iPhoneSimulator
		{B929D919-57B3-4333-8D3B-35A811362EAE}.Release|Any CPU.ActiveCfg = Release|iPhoneSimulator
		{B929D919-57B3-4333-8D3B-35A811362EAE}.Release|Any CPU.Build.0 = Release|iPhoneSimulator
		{B929D919-57B3-4333-8D3B-35A811362EAE}.Debug|iPhoneSimulator.ActiveCfg = Debug|iPhoneSimulator
		{B929D919-57B3-4333-8D3B-35A811362EAE}.Debug|iPhoneSimulator.Build.0 = Debug|iPhoneSimulator
		{B929D919-57B3-4333-8D3B-35A811362EAE}.Release|iPhoneSimulator.ActiveCfg = Release|iPhoneSimulator
		{B929D919-57B3-4333-8D3B-35A811362EAE}.Release|iPhoneSimulator.Build.0 = Release|iPhoneSimulator
		{B929D919-57B3-4333-8D3B-35A811362EAE}.Debug|iPhone.ActiveCfg = Debug|iPhone
		{B929D919-57B3-4333-8D3B-35A811362EAE}.Debug|iPhone.Build.0 = Debug|iPhone
		{B929D919-57B3-4333-8D3B-35A811362EAE}.Release|iPhone.ActiveCfg = Release|iPhone
		{B929D919-57B3-4333-8D3B-35A811362EAE}.Release|iPhone.Build.0 = Release|iPhone
		{5A5A0F32-839C-4448-B54C-2E4917326E28}.Debug|Any CPU.ActiveCfg = Debug|Any CPU
		{5A5A0F32-839C-4448-B54C-2E4917326E28}.Debug|Any CPU.Build.0 = Debug|Any CPU
		{5A5A0F32-839C-4448-B54C-2E4917326E28}.Release|Any CPU.ActiveCfg = Release|Any CPU
		{5A5A0F32-839C-4448-B54C-2E4917326E28}.Release|Any CPU.Build.0 = Release|Any CPU
		{5A5A0F32-839C-4448-B54C-2E4917326E28}.Debug|iPhoneSimulator.ActiveCfg = Debug|Any CPU
		{5A5A0F32-839C-4448-B54C-2E4917326E28}.Debug|iPhoneSimulator.Build.0 = Debug|Any CPU
		{5A5A0F32-839C-4448-B54C-2E4917326E28}.Release|iPhoneSimulator.ActiveCfg = Release|Any CPU
		{5A5A0F32-839C-4448-B54C-2E4917326E28}.Release|iPhoneSimulator.Build.0 = Release|Any CPU
		{5A5A0F32-839C-4448-B54C-2E4917326E28}.Debug|iPhone.ActiveCfg = Debug|Any CPU
		{5A5A0F32-839C-4448-B54C-2E4917326E28}.Debug|iPhone.Build.0 = Debug|Any CPU
		{5A5A0F32-839C-4448-B54C-2E4917326E28}.Release|iPhone.ActiveCfg = Release|Any CPU
		{5A5A0F32-839C-4448-B54C-2E4917326E28}.Release|iPhone.Build.0 = Release|Any CPU
	EndGlobalSection
EndGlobal
